PODS:
  - Capacitor (6.2.1):
    - CapacitorCordova
  - CapacitorApp (6.0.3):
    - Capacitor
  - CapacitorCordova (6.2.1)
  - CapacitorDialog (6.0.3):
    - Capacitor
  - CapacitorGeolocation (6.1.1):
    - Capacitor
  - CapacitorPushNotifications (6.0.5):
    - Capacitor

DEPENDENCIES:
  - "Capacitor (from `../../node_modules/@capacitor/ios`)"
  - "CapacitorApp (from `../../node_modules/@capacitor/app`)"
  - "CapacitorCordova (from `../../node_modules/@capacitor/ios`)"
  - "CapacitorDialog (from `../../node_modules/@capacitor/dialog`)"
  - "CapacitorGeolocation (from `../../node_modules/@capacitor/geolocation`)"
  - "CapacitorPushNotifications (from `../../node_modules/@capacitor/push-notifications`)"

EXTERNAL SOURCES:
  Capacitor:
    :path: "../../node_modules/@capacitor/ios"
  CapacitorApp:
    :path: "../../node_modules/@capacitor/app"
  CapacitorCordova:
    :path: "../../node_modules/@capacitor/ios"
  CapacitorDialog:
    :path: "../../node_modules/@capacitor/dialog"
  CapacitorGeolocation:
    :path: "../../node_modules/@capacitor/geolocation"
  CapacitorPushNotifications:
    :path: "../../node_modules/@capacitor/push-notifications"

SPEC CHECKSUMS:
  Capacitor: 1e0d0e7330dea9f983b50da737d8918abcf273f8
  CapacitorApp: 22c94146dfaae1159ab7059cbd51e76d9f2d45ec
  CapacitorCordova: 8d93e14982f440181be7304aa9559ca631d77fff
  CapacitorDialog: fc3aaa5856b25172706391a12c5e79159ea9aedd
  CapacitorGeolocation: c518d020144978cd7eb7a25fa609a39f6c2fb93e
  CapacitorPushNotifications: 83974a7be0f6829c26148f6ed65745b96a7d16bd

PODFILE CHECKSUM: 03a976afb7ae5b46686daa39f7d11ad322ce714b

COCOAPODS: 1.16.2
